{
  "name": "vanity-phone",
  "version": "1.0.0",
  "lockfileVersion": 3,
  "requires": true,
  "packages": {
    "": {
      "name": "vanity-phone",
      "version": "1.0.0",
      "license": "ISC",
      "dependencies": {
        "fs": "^0.0.1-security",
        "word-list": "^3.1.0"
      }
    },
    "node_modules/fs": {
      "version": "0.0.1-security",
      "resolved": "https://registry.npmjs.org/fs/-/fs-0.0.1-security.tgz",
      "integrity": "sha512-3XY9e1pP0CVEUCdj5BmfIZxRBTSDycnbqhIOGec9QYtmVH2fbLpj86CFWkrNOkt/Fvty4KZG5lTglL9j/gJ87w=="
    },
    "node_modules/word-list": {
      "version": "3.1.0",
      "resolved": "https://registry.npmjs.org/word-list/-/word-list-3.1.0.tgz",
      "integrity": "sha512-fm5Wqf3ema+SNTJ/WFMSL/mM4iVM+yBRyEI/KjrJTPPLsn72GbNBBK94vORD7nUc9DxE7r3H2MpuiVtiA9FzDg==",
      "engines": {
        "node": ">=8"
      }
    }
  }
}
